
Microsoft Visual Studio Solution File, Format Version 12.00
# Visual Studio Version 16
VisualStudioVersion = 16.0.31005.135
MinimumVisualStudioVersion = 10.0.40219.1
Project("{FAE04EC0-301F-11D3-BF4B-00C04F79EFBC}") = "ceq-webapi-core", "ceq-webapi-core\ceq-webapi-core.csproj", "{D1B02E7F-40C1-40B5-B0DD-49DA5316E76E}"
EndProject
Global
	GlobalSection(SolutionConfigurationPlatforms) = preSolution
		Debug|Any CPU = Debug|Any CPU
		Release|Any CPU = Release|Any CPU
	EndGlobalSection
	GlobalSection(ProjectConfigurationPlatforms) = postSolution
		{D1B02E7F-40C1-40B5-B0DD-49DA5316E76E}.Debug|Any CPU.ActiveCfg = Debug|Any CPU
		{D1B02E7F-40C1-40B5-B0DD-49DA5316E76E}.Debug|Any CPU.Build.0 = Debug|Any CPU
		{D1B02E7F-40C1-40B5-B0DD-49DA5316E76E}.Release|Any CPU.ActiveCfg = Release|Any CPU
		{D1B02E7F-40C1-40B5-B0DD-49DA5316E76E}.Release|Any CPU.Build.0 = Release|Any CPU
	EndGlobalSection
	GlobalSection(SolutionProperties) = preSolution
		HideSolutionNode = FALSE
	EndGlobalSection
	GlobalSection(ExtensibilityGlobals) = postSolution
		SolutionGuid = {8EBC152B-CD18-40EA-A0B3-B17958FDA6B6}
	EndGlobalSection
EndGlobal
